
Microsoft Visual Studio Solution File, Format Version 12.00
# Visual Studio Version 17
VisualStudioVersion = 17.13.35931.197 d17.13
MinimumVisualStudioVersion = 10.0.40219.1
Project("{8BC9CEB8-8B4A-11D0-8D11-00A0C91BC942}") = "MT3_03_02", "MT3_03_02.vcxproj", "{26971C02-0D20-445F-8977-FD2660341BEE}"
EndProject
Global
	GlobalSection(SolutionConfigurationPlatforms) = preSolution
		Debug|x64 = Debug|x64
		Release|x64 = Release|x64
	EndGlobalSection
	GlobalSection(ProjectConfigurationPlatforms) = postSolution
		{26971C02-0D20-445F-8977-FD2660341BEE}.Debug|x64.ActiveCfg = Debug|x64
		{26971C02-0D20-445F-8977-FD2660341BEE}.Debug|x64.Build.0 = Debug|x64
		{26971C02-0D20-445F-8977-FD2660341BEE}.Release|x64.ActiveCfg = Release|x64
		{26971C02-0D20-445F-8977-FD2660341BEE}.Release|x64.Build.0 = Release|x64
	EndGlobalSection
	GlobalSection(SolutionProperties) = preSolution
		HideSolutionNode = FALSE
	EndGlobalSection
	GlobalSection(ExtensibilityGlobals) = postSolution
		SolutionGuid = {3371B945-06AF-4FBA-B0A0-9F4D29C77700}
	EndGlobalSection
EndGlobal
